// !$*UTF8*$!
{
	archiveVersion = 1;
	classes = {
	};
	objectVersion = 56;
	objects = {

/* Begin PBXBuildFile section */
		5A03E3E32ADF3C3800133036 /* BasketHelperApp.swift in Sources */ = {isa = PBXBuildFile; fileRef = 5A03E3E22ADF3C3800133036 /* BasketHelperApp.swift */; };
		5A03E3E52ADF3C3800133036 /* ContentView.swift in Sources */ = {isa = PBXBuildFile; fileRef = 5A03E3E42ADF3C3800133036 /* ContentView.swift */; };
		5A03E3E72ADF3C3800133036 /* Item.swift in Sources */ = {isa = PBXBuildFile; fileRef = 5A03E3E62ADF3C3800133036 /* Item.swift */; };
		5A03E3E92ADF3C3900133036 /* Assets.xcassets in Resources */ = {isa = PBXBuildFile; fileRef = 5A03E3E82ADF3C3900133036 /* Assets.xcassets */; };
		5A03E3EC2ADF3C3900133036 /* Preview Assets.xcassets in Resources */ = {isa = PBXBuildFile; fileRef = 5A03E3EB2ADF3C3900133036 /* Preview Assets.xcassets */; };
		5A03E3F32ADF3C7900133036 /* SplashScreenView.swift in Sources */ = {isa = PBXBuildFile; fileRef = 5A03E3F22ADF3C7900133036 /* SplashScreenView.swift */; };
		5A03E3F52ADF3C9A00133036 /* ItemListingView.swift in Sources */ = {isa = PBXBuildFile; fileRef = 5A03E3F42ADF3C9A00133036 /* ItemListingView.swift */; };
		5A03E3F72ADF3CB500133036 /* ItemCardView.swift in Sources */ = {isa = PBXBuildFile; fileRef = 5A03E3F62ADF3CB500133036 /* ItemCardView.swift */; };
		5A03E3F92ADF3CFD00133036 /* EditItemView.swift in Sources */ = {isa = PBXBuildFile; fileRef = 5A03E3F82ADF3CFD00133036 /* EditItemView.swift */; };
		5A03E3FB2ADF3D1900133036 /* TotalView.swift in Sources */ = {isa = PBXBuildFile; fileRef = 5A03E3FA2ADF3D1900133036 /* TotalView.swift */; };
		5A03E3FD2ADF3D3600133036 /* OnboardingView.swift in Sources */ = {isa = PBXBuildFile; fileRef = 5A03E3FC2ADF3D3600133036 /* OnboardingView.swift */; };
		5A902D192B17624B002B0EBE /* NewItemView.swift in Sources */ = {isa = PBXBuildFile; fileRef = 5A902D182B17624B002B0EBE /* NewItemView.swift */; };
/* End PBXBuildFile section */

/* Begin PBXFileReference section */
		5A03E3DF2ADF3C3800133036 /* BasketHelper.app */ = {isa = PBXFileReference; explicitFileType = wrapper.application; includeInIndex = 0; path = BasketHelper.app; sourceTree = BUILT_PRODUCTS_DIR; };
		5A03E3E22ADF3C3800133036 /* BasketHelperApp.swift */ = {isa = PBXFileReference; lastKnownFileType = sourcecode.swift; path = BasketHelperApp.swift; sourceTree = "<group>"; };
		5A03E3E42ADF3C3800133036 /* ContentView.swift */ = {isa = PBXFileReference; lastKnownFileType = sourcecode.swift; path = ContentView.swift; sourceTree = "<group>"; };
		5A03E3E62ADF3C3800133036 /* Item.swift */ = {isa = PBXFileReference; lastKnownFileType = sourcecode.swift; path = Item.swift; sourceTree = "<group>"; };
		5A03E3E82ADF3C3900133036 /* Assets.xcassets */ = {isa = PBXFileReference; lastKnownFileType = folder.assetcatalog; path = Assets.xcassets; sourceTree = "<group>"; };
		5A03E3EB2ADF3C3900133036 /* Preview Assets.xcassets */ = {isa = PBXFileReference; lastKnownFileType = folder.assetcatalog; path = "Preview Assets.xcassets"; sourceTree = "<group>"; };
		5A03E3F22ADF3C7900133036 /* SplashScreenView.swift */ = {isa = PBXFileReference; lastKnownFileType = sourcecode.swift; path = SplashScreenView.swift; sourceTree = "<group>"; };
		5A03E3F42ADF3C9A00133036 /* ItemListingView.swift */ = {isa = PBXFileReference; lastKnownFileType = sourcecode.swift; path = ItemListingView.swift; sourceTree = "<group>"; };
		5A03E3F62ADF3CB500133036 /* ItemCardView.swift */ = {isa = PBXFileReference; lastKnownFileType = sourcecode.swift; path = ItemCardView.swift; sourceTree = "<group>"; };
		5A03E3F82ADF3CFD00133036 /* EditItemView.swift */ = {isa = PBXFileReference; lastKnownFileType = sourcecode.swift; path = EditItemView.swift; sourceTree = "<group>"; };
		5A03E3FA2ADF3D1900133036 /* TotalView.swift */ = {isa = PBXFileReference; lastKnownFileType = sourcecode.swift; path = TotalView.swift; sourceTree = "<group>"; };
		5A03E3FC2ADF3D3600133036 /* OnboardingView.swift */ = {isa = PBXFileReference; lastKnownFileType = sourcecode.swift; path = OnboardingView.swift; sourceTree = "<group>"; };
		5A902D182B17624B002B0EBE /* NewItemView.swift */ = {isa = PBXFileReference; lastKnownFileType = sourcecode.swift; path = NewItemView.swift; sourceTree = "<group>"; };
/* End PBXFileReference section */

/* Begin PBXFrameworksBuildPhase section */
		5A03E3DC2ADF3C3800133036 /* Frameworks */ = {
			isa = PBXFrameworksBuildPhase;
			buildActionMask = 2147483647;
			files = (
			);
			runOnlyForDeploymentPostprocessing = 0;
		};
/* End PBXFrameworksBuildPhase section */

/* Begin PBXGroup section */
		5A03E3D62ADF3C3800133036 = {
			isa = PBXGroup;
			children = (
				5A03E3E12ADF3C3800133036 /* BasketHelper */,
				5A03E3E02ADF3C3800133036 /* Products */,
			);
			sourceTree = "<group>";
		};
		5A03E3E02ADF3C3800133036 /* Products */ = {
			isa = PBXGroup;
			children = (
				5A03E3DF2ADF3C3800133036 /* BasketHelper.app */,
			);
			name = Products;
			sourceTree = "<group>";
		};
		5A03E3E12ADF3C3800133036 /* BasketHelper */ = {
			isa = PBXGroup;
			children = (
				5A03E3E22ADF3C3800133036 /* BasketHelperApp.swift */,
				5A902D172B1761BD002B0EBE /* Views */,
				5A03E3E62ADF3C3800133036 /* Item.swift */,
				5A03E3E82ADF3C3900133036 /* Assets.xcassets */,
				5A03E3EA2ADF3C3900133036 /* Preview Content */,
			);
			path = BasketHelper;
			sourceTree = "<group>";
		};
		5A03E3EA2ADF3C3900133036 /* Preview Content */ = {
			isa = PBXGroup;
			children = (
				5A03E3EB2ADF3C3900133036 /* Preview Assets.xcassets */,
			);
			path = "Preview Content";
			sourceTree = "<group>";
		};
		5A902D172B1761BD002B0EBE /* Views */ = {
			isa = PBXGroup;
			children = (
				5A03E3F22ADF3C7900133036 /* SplashScreenView.swift */,
				5A03E3E42ADF3C3800133036 /* ContentView.swift */,
				5A03E3F82ADF3CFD00133036 /* EditItemView.swift */,
				5A902D182B17624B002B0EBE /* NewItemView.swift */,
				5A03E3F42ADF3C9A00133036 /* ItemListingView.swift */,
				5A03E3F62ADF3CB500133036 /* ItemCardView.swift */,
				5A03E3FA2ADF3D1900133036 /* TotalView.swift */,
				5A03E3FC2ADF3D3600133036 /* OnboardingView.swift */,
			);
			path = Views;
			sourceTree = "<group>";
		};
/* End PBXGroup section */

/* Begin PBXNativeTarget section */
		5A03E3DE2ADF3C3800133036 /* BasketHelper */ = {
			isa = PBXNativeTarget;
			buildConfigurationList = 5A03E3EF2ADF3C3900133036 /* Build configuration list for PBXNativeTarget "BasketHelper" */;
			buildPhases = (
				5A03E3DB2ADF3C3800133036 /* Sources */,
				5A03E3DC2ADF3C3800133036 /* Frameworks */,
				5A03E3DD2ADF3C3800133036 /* Resources */,
			);
			buildRules = (
			);
			dependencies = (
			);
			name = BasketHelper;
			productName = BasketHelper;
			productReference = 5A03E3DF2ADF3C3800133036 /* BasketHelper.app */;
			productType = "com.apple.product-type.application";
		};
/* End PBXNativeTarget section */

/* Begin PBXProject section */
		5A03E3D72ADF3C3800133036 /* Project object */ = {
			isa = PBXProject;
			attributes = {
				BuildIndependentTargetsInParallel = 1;
				LastSwiftUpdateCheck = 1500;
				LastUpgradeCheck = 1500;
				TargetAttributes = {
					5A03E3DE2ADF3C3800133036 = {
						CreatedOnToolsVersion = 15.0;
					};
				};
			};
			buildConfigurationList = 5A03E3DA2ADF3C3800133036 /* Build configuration list for PBXProject "BasketHelper" */;
			compatibilityVersion = "Xcode 14.0";
			developmentRegion = en;
			hasScannedForEncodings = 0;
			knownRegions = (
				en,
				Base,
			);
			mainGroup = 5A03E3D62ADF3C3800133036;
			productRefGroup = 5A03E3E02ADF3C3800133036 /* Products */;
			projectDirPath = "";
			projectRoot = "";
			targets = (
				5A03E3DE2ADF3C3800133036 /* BasketHelper */,
			);
		};
/* End PBXProject section */

/* Begin PBXResourcesBuildPhase section */
		5A03E3DD2ADF3C3800133036 /* Resources */ = {
			isa = PBXResourcesBuildPhase;
			buildActionMask = 2147483647;
			files = (
				5A03E3EC2ADF3C3900133036 /* Preview Assets.xcassets in Resources */,
				5A03E3E92ADF3C3900133036 /* Assets.xcassets in Resources */,
			);
			runOnlyForDeploymentPostprocessing = 0;
		};
/* End PBXResourcesBuildPhase section */

/* Begin PBXSourcesBuildPhase section */
		5A03E3DB2ADF3C3800133036 /* Sources */ = {
			isa = PBXSourcesBuildPhase;
			buildActionMask = 2147483647;
			files = (
				5A03E3E52ADF3C3800133036 /* ContentView.swift in Sources */,
				5A03E3FB2ADF3D1900133036 /* TotalView.swift in Sources */,
				5A03E3E72ADF3C3800133036 /* Item.swift in Sources */,
				5A03E3FD2ADF3D3600133036 /* OnboardingView.swift in Sources */,
				5A902D192B17624B002B0EBE /* NewItemView.swift in Sources */,
				5A03E3F92ADF3CFD00133036 /* EditItemView.swift in Sources */,
				5A03E3E32ADF3C3800133036 /* BasketHelperApp.swift in Sources */,
				5A03E3F72ADF3CB500133036 /* ItemCardView.swift in Sources */,
				5A03E3F32ADF3C7900133036 /* SplashScreenView.swift in Sources */,
				5A03E3F52ADF3C9A00133036 /* ItemListingView.swift in Sources */,
			);
			runOnlyForDeploymentPostprocessing = 0;
		};
/* End PBXSourcesBuildPhase section */

/* Begin XCBuildConfiguration section */
		5A03E3ED2ADF3C3900133036 /* Debug */ = {
			isa = XCBuildConfiguration;
			buildSettings = {
				ALWAYS_SEARCH_USER_PATHS = NO;
				ASSETCATALOG_COMPILER_GENERATE_SWIFT_ASSET_SYMBOL_EXTENSIONS = YES;
				CLANG_ANALYZER_NONNULL = YES;
				CLANG_ANALYZER_NUMBER_OBJECT_CONVERSION = YES_AGGRESSIVE;
				CLANG_CXX_LANGUAGE_STANDARD = "gnu++20";
				CLANG_ENABLE_MODULES = YES;
				CLANG_ENABLE_OBJC_ARC = YES;
				CLANG_ENABLE_OBJC_WEAK = YES;
				CLANG_WARN_BLOCK_CAPTURE_AUTORELEASING = YES;
				CLANG_WARN_BOOL_CONVERSION = YES;
				CLANG_WARN_COMMA = YES;
				CLANG_WARN_CONSTANT_CONVERSION = YES;
				CLANG_WARN_DEPRECATED_OBJC_IMPLEMENTATIONS = YES;
				CLANG_WARN_DIRECT_OBJC_ISA_USAGE = YES_ERROR;
				CLANG_WARN_DOCUMENTATION_COMMENTS = YES;
				CLANG_WARN_EMPTY_BODY = YES;
				CLANG_WARN_ENUM_CONVERSION = YES;
				CLANG_WARN_INFINITE_RECURSION = YES;
				CLANG_WARN_INT_CONVERSION = YES;
				CLANG_WARN_NON_LITERAL_NULL_CONVERSION = YES;
				CLANG_WARN_OBJC_IMPLICIT_RETAIN_SELF = YES;
				CLANG_WARN_OBJC_LITERAL_CONVERSION = YES;
				CLANG_WARN_OBJC_ROOT_CLASS = YES_ERROR;
				CLANG_WARN_QUOTED_INCLUDE_IN_FRAMEWORK_HEADER = YES;
				CLANG_WARN_RANGE_LOOP_ANALYSIS = YES;
				CLANG_WARN_STRICT_PROTOTYPES = YES;
				CLANG_WARN_SUSPICIOUS_MOVE = YES;
				CLANG_WARN_UNGUARDED_AVAILABILITY = YES_AGGRESSIVE;
				CLANG_WARN_UNREACHABLE_CODE = YES;
				CLANG_WARN__DUPLICATE_METHOD_MATCH = YES;
				COPY_PHASE_STRIP = NO;
				DEBUG_INFORMATION_FORMAT = dwarf;
				ENABLE_STRICT_OBJC_MSGSEND = YES;
				ENABLE_TESTABILITY = YES;
				ENABLE_USER_SCRIPT_SANDBOXING = YES;
				GCC_C_LANGUAGE_STANDARD = gnu17;
				GCC_DYNAMIC_NO_PIC = NO;
				GCC_NO_COMMON_BLOCKS = YES;
				GCC_OPTIMIZATION_LEVEL = 0;
				GCC_PREPROCESSOR_DEFINITIONS = (
					"DEBUG=1",
					"$(inherited)",
				);
				GCC_WARN_64_TO_32_BIT_CONVERSION = YES;
				GCC_WARN_ABOUT_RETURN_TYPE = YES_ERROR;
				GCC_WARN_UNDECLARED_SELECTOR = YES;
				GCC_WARN_UNINITIALIZED_AUTOS = YES_AGGRESSIVE;
				GCC_WARN_UNUSED_FUNCTION = YES;
				GCC_WARN_UNUSED_VARIABLE = YES;
				IPHONEOS_DEPLOYMENT_TARGET = 17.0;
				LOCALIZATION_PREFERS_STRING_CATALOGS = YES;
				MTL_ENABLE_DEBUG_INFO = INCLUDE_SOURCE;
				MTL_FAST_MATH = YES;
				ONLY_ACTIVE_ARCH = YES;
				SDKROOT = iphoneos;
				SWIFT_ACTIVE_COMPILATION_CONDITIONS = "DEBUG $(inherited)";
				SWIFT_OPTIMIZATION_LEVEL = "-Onone";
			};
			name = Debug;
		};
		5A03E3EE2ADF3C3900133036 /* Release */ = {
			isa = XCBuildConfiguration;
			buildSettings = {
				ALWAYS_SEARCH_USER_PATHS = NO;
				ASSETCATALOG_COMPILER_GENERATE_SWIFT_ASSET_SYMBOL_EXTENSIONS = YES;
				CLANG_ANALYZER_NONNULL = YES;
				CLANG_ANALYZER_NUMBER_OBJECT_CONVERSION = YES_AGGRESSIVE;
				CLANG_CXX_LANGUAGE_STANDARD = "gnu++20";
				CLANG_ENABLE_MODULES = YES;
				CLANG_ENABLE_OBJC_ARC = YES;
				CLANG_ENABLE_OBJC_WEAK = YES;
				CLANG_WARN_BLOCK_CAPTURE_AUTORELEASING = YES;
				CLANG_WARN_BOOL_CONVERSION = YES;
				CLANG_WARN_COMMA = YES;
				CLANG_WARN_CONSTANT_CONVERSION = YES;
				CLANG_WARN_DEPRECATED_OBJC_IMPLEMENTATIONS = YES;
				CLANG_WARN_DIRECT_OBJC_ISA_USAGE = YES_ERROR;
				CLANG_WARN_DOCUMENTATION_COMMENTS = YES;
				CLANG_WARN_EMPTY_BODY = YES;
				CLANG_WARN_ENUM_CONVERSION = YES;
				CLANG_WARN_INFINITE_RECURSION = YES;
				CLANG_WARN_INT_CONVERSION = YES;
				CLANG_WARN_NON_LITERAL_NULL_CONVERSION = YES;
				CLANG_WARN_OBJC_IMPLICIT_RETAIN_SELF = YES;
				CLANG_WARN_OBJC_LITERAL_CONVERSION = YES;
				CLANG_WARN_OBJC_ROOT_CLASS = YES_ERROR;
				CLANG_WARN_QUOTED_INCLUDE_IN_FRAMEWORK_HEADER = YES;
				CLANG_WARN_RANGE_LOOP_ANALYSIS = YES;
				CLANG_WARN_STRICT_PROTOTYPES = YES;
				CLANG_WARN_SUSPICIOUS_MOVE = YES;
				CLANG_WARN_UNGUARDED_AVAILABILITY = YES_AGGRESSIVE;
				CLANG_WARN_UNREACHABLE_CODE = YES;
				CLANG_WARN__DUPLICATE_METHOD_MATCH = YES;
				COPY_PHASE_STRIP = NO;
				DEBUG_INFORMATION_FORMAT = "dwarf-with-dsym";
				ENABLE_NS_ASSERTIONS = NO;
				ENABLE_STRICT_OBJC_MSGSEND = YES;
				ENABLE_USER_SCRIPT_SANDBOXING = YES;
				GCC_C_LANGUAGE_STANDARD = gnu17;
				GCC_NO_COMMON_BLOCKS = YES;
				GCC_WARN_64_TO_32_BIT_CONVERSION = YES;
				GCC_WARN_ABOUT_RETURN_TYPE = YES_ERROR;
				GCC_WARN_UNDECLARED_SELECTOR = YES;
				GCC_WARN_UNINITIALIZED_AUTOS = YES_AGGRESSIVE;
				GCC_WARN_UNUSED_FUNCTION = YES;
				GCC_WARN_UNUSED_VARIABLE = YES;
				IPHONEOS_DEPLOYMENT_TARGET = 17.0;
				LOCALIZATION_PREFERS_STRING_CATALOGS = YES;
				MTL_ENABLE_DEBUG_INFO = NO;
				MTL_FAST_MATH = YES;
				SDKROOT = iphoneos;
				SWIFT_COMPILATION_MODE = wholemodule;
				VALIDATE_PRODUCT = YES;
			};
			name = Release;
		};
		5A03E3F02ADF3C3900133036 /* Debug */ = {
			isa = XCBuildConfiguration;
			buildSettings = {
				ASSETCATALOG_COMPILER_APPICON_NAME = AppIcon;
				ASSETCATALOG_COMPILER_GLOBAL_ACCENT_COLOR_NAME = AccentColor;
				CODE_SIGN_STYLE = Automatic;
				CURRENT_PROJECT_VERSION = 1;
				DEVELOPMENT_ASSET_PATHS = "\"BasketHelper/Preview Content\"";
				DEVELOPMENT_TEAM = 7U9T24457T;
				ENABLE_PREVIEWS = YES;
				GENERATE_INFOPLIST_FILE = YES;
				INFOPLIST_KEY_CFBundleDisplayName = BasketHelper;
				INFOPLIST_KEY_LSApplicationCategoryType = "public.app-category.productivity";
				INFOPLIST_KEY_UIApplicationSceneManifest_Generation = YES;
				INFOPLIST_KEY_UIApplicationSupportsIndirectInputEvents = YES;
				INFOPLIST_KEY_UILaunchScreen_Generation = YES;
				INFOPLIST_KEY_UISupportedInterfaceOrientations = "UIInterfaceOrientationLandscapeLeft UIInterfaceOrientationLandscapeRight UIInterfaceOrientationPortrait";
				INFOPLIST_KEY_UISupportedInterfaceOrientations_iPad = "UIInterfaceOrientationLandscapeLeft UIInterfaceOrientationLandscapeRight UIInterfaceOrientationPortrait UIInterfaceOrientationPortraitUpsideDown";
				LD_RUNPATH_SEARCH_PATHS = (
					"$(inherited)",
					"@executable_path/Frameworks",
				);
				MARKETING_VERSION = 0.1.1;
				PRODUCT_BUNDLE_IDENTIFIER = IsabelaBJ.BasketHelper;
				PRODUCT_NAME = "$(TARGET_NAME)";
				SUPPORTED_PLATFORMS = "iphoneos iphonesimulator";
				SUPPORTS_MACCATALYST = NO;
				SUPPORTS_MAC_DESIGNED_FOR_IPHONE_IPAD = NO;
				SWIFT_EMIT_LOC_STRINGS = YES;
				SWIFT_VERSION = 5.0;
				TARGETED_DEVICE_FAMILY = "1,2";
			};
			name = Debug;
		};
		5A03E3F12ADF3C3900133036 /* Release */ = {
			isa = XCBuildConfiguration;
			buildSettings = {
				ASSETCATALOG_COMPILER_APPICON_NAME = AppIcon;
				ASSETCATALOG_COMPILER_GLOBAL_ACCENT_COLOR_NAME = AccentColor;
				CODE_SIGN_STYLE = Automatic;
				CURRENT_PROJECT_VERSION = 1;
				DEVELOPMENT_ASSET_PATHS = "\"BasketHelper/Preview Content\"";
				DEVELOPMENT_TEAM = 7U9T24457T;
				ENABLE_PREVIEWS = YES;
				GENERATE_INFOPLIST_FILE = YES;
				INFOPLIST_KEY_CFBundleDisplayName = BasketHelper;
				INFOPLIST_KEY_LSApplicationCategoryType = "public.app-category.productivity";
				INFOPLIST_KEY_UIApplicationSceneManifest_Generation = YES;
				INFOPLIST_KEY_UIApplicationSupportsIndirectInputEvents = YES;
				INFOPLIST_KEY_UILaunchScreen_Generation = YES;
				INFOPLIST_KEY_UISupportedInterfaceOrientations = "UIInterfaceOrientationLandscapeLeft UIInterfaceOrientationLandscapeRight UIInterfaceOrientationPortrait";
				INFOPLIST_KEY_UISupportedInterfaceOrientations_iPad = "UIInterfaceOrientationLandscapeLeft UIInterfaceOrientationLandscapeRight UIInterfaceOrientationPortrait UIInterfaceOrientationPortraitUpsideDown";
				LD_RUNPATH_SEARCH_PATHS = (
					"$(inherited)",
					"@executable_path/Frameworks",
				);
				MARKETING_VERSION = 0.1.1;
				PRODUCT_BUNDLE_IDENTIFIER = IsabelaBJ.BasketHelper;
				PRODUCT_NAME = "$(TARGET_NAME)";
				SUPPORTED_PLATFORMS = "iphoneos iphonesimulator";
				SUPPORTS_MACCATALYST = NO;
				SUPPORTS_MAC_DESIGNED_FOR_IPHONE_IPAD = NO;
				SWIFT_EMIT_LOC_STRINGS = YES;
				SWIFT_VERSION = 5.0;
				TARGETED_DEVICE_FAMILY = "1,2";
			};
			name = Release;
		};
/* End XCBuildConfiguration section */

/* Begin XCConfigurationList section */
		5A03E3DA2ADF3C3800133036 /* Build configuration list for PBXProject "BasketHelper" */ = {
			isa = XCConfigurationList;
			buildConfigurations = (
				5A03E3ED2ADF3C3900133036 /* Debug */,
				5A03E3EE2ADF3C3900133036 /* Release */,
			);
			defaultConfigurationIsVisible = 0;
			defaultConfigurationName = Release;
		};
		5A03E3EF2ADF3C3900133036 /* Build configuration list for PBXNativeTarget "BasketHelper" */ = {
			isa = XCConfigurationList;
			buildConfigurations = (
				5A03E3F02ADF3C3900133036 /* Debug */,
				5A03E3F12ADF3C3900133036 /* Release */,
			);
			defaultConfigurationIsVisible = 0;
			defaultConfigurationName = Release;
		};
/* End XCConfigurationList section */
	};
	rootObject = 5A03E3D72ADF3C3800133036 /* Project object */;
}
